
Microsoft Visual Studio Solution File, Format Version 12.00
# Visual Studio Version 16
VisualStudioVersion = 16.0.30406.217
MinimumVisualStudioVersion = 10.0.40219.1
Project("{FAE04EC0-301F-11D3-BF4B-00C04F79EFBC}") = "NumeroaLetra", "NumeroaLetra\NumeroaLetra.csproj", "{0F2AAE9B-2BF2-44A5-9482-DB9E7C6AC32D}"
EndProject
Global
	GlobalSection(SolutionConfigurationPlatforms) = preSolution
		Debug|Any CPU = Debug|Any CPU
		Release|Any CPU = Release|Any CPU
	EndGlobalSection
	GlobalSection(ProjectConfigurationPlatforms) = postSolution
		{0F2AAE9B-2BF2-44A5-9482-DB9E7C6AC32D}.Debug|Any CPU.ActiveCfg = Debug|Any CPU
		{0F2AAE9B-2BF2-44A5-9482-DB9E7C6AC32D}.Debug|Any CPU.Build.0 = Debug|Any CPU
		{0F2AAE9B-2BF2-44A5-9482-DB9E7C6AC32D}.Release|Any CPU.ActiveCfg = Release|Any CPU
		{0F2AAE9B-2BF2-44A5-9482-DB9E7C6AC32D}.Release|Any CPU.Build.0 = Release|Any CPU
	EndGlobalSection
	GlobalSection(SolutionProperties) = preSolution
		HideSolutionNode = FALSE
	EndGlobalSection
	GlobalSection(ExtensibilityGlobals) = postSolution
		SolutionGuid = {557608AB-C2F1-418C-9BF4-0B279226C0D5}
	EndGlobalSection
EndGlobal
